{
  "name": "package",
  "version": "1.0.0",
  "lockfileVersion": 2,
  "requires": true,
  "packages": {
    "": {
      "name": "package",
      "version": "1.0.0",
      "license": "MIT",
      "dependencies": {
        "console-log-alert": "^1.0.2"
      }
    },
    "node_modules/console-log-alert": {
      "version": "1.0.2",
      "resolved": "https://registry.npmjs.org/console-log-alert/-/console-log-alert-1.0.2.tgz",
      "integrity": "sha512-OOH6dwiG/tV9iwg0UHSla1yIFGHoKn5UMLKKhakzOZO+J93DMTTV9xdtvrpgsIG2x9cCPdwf6eDhKuf2/ozBIQ=="
    }
  },
  "dependencies": {
    "console-log-alert": {
      "version": "1.0.2",
      "resolved": "https://registry.npmjs.org/console-log-alert/-/console-log-alert-1.0.2.tgz",
      "integrity": "sha512-OOH6dwiG/tV9iwg0UHSla1yIFGHoKn5UMLKKhakzOZO+J93DMTTV9xdtvrpgsIG2x9cCPdwf6eDhKuf2/ozBIQ=="
    }
  }
}
