
Microsoft Visual Studio Solution File, Format Version 12.00
# Visual Studio Version 17
VisualStudioVersion = 17.13.35806.99 d17.13
MinimumVisualStudioVersion = 10.0.40219.1
Project("{FAE04EC0-301F-11D3-BF4B-00C04F79EFBC}") = "00.Demo", "00.Demo\00.Demo.csproj", "{B95048B6-8842-4993-8F19-D57A101525DE}"
EndProject
Project("{FAE04EC0-301F-11D3-BF4B-00C04F79EFBC}") = "01.CountRealNumbers", "01.CountRealNumbers\01.CountRealNumbers.csproj", "{790A0528-8426-47E4-AB89-5E5A9F513E15}"
EndProject
Project("{FAE04EC0-301F-11D3-BF4B-00C04F79EFBC}") = "03.WordSynonyms", "03.WordSynonyms\03.WordSynonyms.csproj", "{78C50C93-ADE0-4208-80A3-95422D0FFC2A}"
EndProject
Project("{FAE04EC0-301F-11D3-BF4B-00C04F79EFBC}") = "04.WordFilter", "04.WordFilter\04.WordFilter.csproj", "{61B5CDDA-BA47-43F5-94DA-F594BC79CC64}"
EndProject
Project("{FAE04EC0-301F-11D3-BF4B-00C04F79EFBC}") = "02.OddOccurrences", "02.OddOccurrences\02.OddOccurrences.csproj", "{174543F0-42DE-4DDE-AF7F-50798C5B9195}"
EndProject
Global
	GlobalSection(SolutionConfigurationPlatforms) = preSolution
		Debug|Any CPU = Debug|Any CPU
		Release|Any CPU = Release|Any CPU
	EndGlobalSection
	GlobalSection(ProjectConfigurationPlatforms) = postSolution
		{B95048B6-8842-4993-8F19-D57A101525DE}.Debug|Any CPU.ActiveCfg = Debug|Any CPU
		{B95048B6-8842-4993-8F19-D57A101525DE}.Debug|Any CPU.Build.0 = Debug|Any CPU
		{B95048B6-8842-4993-8F19-D57A101525DE}.Release|Any CPU.ActiveCfg = Release|Any CPU
		{B95048B6-8842-4993-8F19-D57A101525DE}.Release|Any CPU.Build.0 = Release|Any CPU
		{790A0528-8426-47E4-AB89-5E5A9F513E15}.Debug|Any CPU.ActiveCfg = Debug|Any CPU
		{790A0528-8426-47E4-AB89-5E5A9F513E15}.Debug|Any CPU.Build.0 = Debug|Any CPU
		{790A0528-8426-47E4-AB89-5E5A9F513E15}.Release|Any CPU.ActiveCfg = Release|Any CPU
		{790A0528-8426-47E4-AB89-5E5A9F513E15}.Release|Any CPU.Build.0 = Release|Any CPU
		{78C50C93-ADE0-4208-80A3-95422D0FFC2A}.Debug|Any CPU.ActiveCfg = Debug|Any CPU
		{78C50C93-ADE0-4208-80A3-95422D0FFC2A}.Debug|Any CPU.Build.0 = Debug|Any CPU
		{78C50C93-ADE0-4208-80A3-95422D0FFC2A}.Release|Any CPU.ActiveCfg = Release|Any CPU
		{78C50C93-ADE0-4208-80A3-95422D0FFC2A}.Release|Any CPU.Build.0 = Release|Any CPU
		{61B5CDDA-BA47-43F5-94DA-F594BC79CC64}.Debug|Any CPU.ActiveCfg = Debug|Any CPU
		{61B5CDDA-BA47-43F5-94DA-F594BC79CC64}.Debug|Any CPU.Build.0 = Debug|Any CPU
		{61B5CDDA-BA47-43F5-94DA-F594BC79CC64}.Release|Any CPU.ActiveCfg = Release|Any CPU
		{61B5CDDA-BA47-43F5-94DA-F594BC79CC64}.Release|Any CPU.Build.0 = Release|Any CPU
		{174543F0-42DE-4DDE-AF7F-50798C5B9195}.Debug|Any CPU.ActiveCfg = Debug|Any CPU
		{174543F0-42DE-4DDE-AF7F-50798C5B9195}.Debug|Any CPU.Build.0 = Debug|Any CPU
		{174543F0-42DE-4DDE-AF7F-50798C5B9195}.Release|Any CPU.ActiveCfg = Release|Any CPU
		{174543F0-42DE-4DDE-AF7F-50798C5B9195}.Release|Any CPU.Build.0 = Release|Any CPU
	EndGlobalSection
	GlobalSection(SolutionProperties) = preSolution
		HideSolutionNode = FALSE
	EndGlobalSection
	GlobalSection(ExtensibilityGlobals) = postSolution
		SolutionGuid = {0B7C184A-89F7-4B0F-A824-278EAC67A43D}
	EndGlobalSection
EndGlobal
